
Microsoft Visual Studio Solution File, Format Version 12.00
# Visual Studio Version 17
VisualStudioVersion = 17.3.32825.248
MinimumVisualStudioVersion = 10.0.40219.1
Project("{FAE04EC0-301F-11D3-BF4B-00C04F79EFBC}") = "PharmacyManagementSystem", "PharmacyManagementSystem\PharmacyManagementSystem.csproj", "{AD4ABD27-C42A-4425-9897-DD54E866B61D}"
EndProject
Global
	GlobalSection(SolutionConfigurationPlatforms) = preSolution
		Debug|Any CPU = Debug|Any CPU
		Release|Any CPU = Release|Any CPU
	EndGlobalSection
	GlobalSection(ProjectConfigurationPlatforms) = postSolution
		{AD4ABD27-C42A-4425-9897-DD54E866B61D}.Debug|Any CPU.ActiveCfg = Debug|Any CPU
		{AD4ABD27-C42A-4425-9897-DD54E866B61D}.Debug|Any CPU.Build.0 = Debug|Any CPU
		{AD4ABD27-C42A-4425-9897-DD54E866B61D}.Release|Any CPU.ActiveCfg = Release|Any CPU
		{AD4ABD27-C42A-4425-9897-DD54E866B61D}.Release|Any CPU.Build.0 = Release|Any CPU
	EndGlobalSection
	GlobalSection(SolutionProperties) = preSolution
		HideSolutionNode = FALSE
	EndGlobalSection
	GlobalSection(ExtensibilityGlobals) = postSolution
		SolutionGuid = {D9CAD4DC-69BE-4BE3-9ED1-B5C0F41071DC}
	EndGlobalSection
EndGlobal
